
Microsoft Visual Studio Solution File, Format Version 11.00
# Visual Studio 2010
Project("{FAE04EC0-301F-11D3-BF4B-00C04F79EFBC}") = "LudumDare41_Combine2IncompatibleGenres", "Assembly-CSharp.csproj", "{52FE80F2-8E18-76B2-C328-B44A1C3D0232}"
EndProject
Project("{FAE04EC0-301F-11D3-BF4B-00C04F79EFBC}") = "LudumDare41_Combine2IncompatibleGenres", "Assembly-CSharp-firstpass.csproj", "{267110C8-5BA2-93F4-200B-EBCD7B0BD1A0}"
EndProject
Project("{FAE04EC0-301F-11D3-BF4B-00C04F79EFBC}") = "LudumDare41_Combine2IncompatibleGenres", "Assembly-CSharp-Editor-firstpass.csproj", "{C2BCE047-B951-E89C-AC31-5B82C8E7A33C}"
EndProject
Global
	GlobalSection(SolutionConfigurationPlatforms) = preSolution
		Debug|Any CPU = Debug|Any CPU
		Release|Any CPU = Release|Any CPU
	EndGlobalSection
	GlobalSection(ProjectConfigurationPlatforms) = postSolution
		{52FE80F2-8E18-76B2-C328-B44A1C3D0232}.Debug|Any CPU.ActiveCfg = Debug|Any CPU
		{52FE80F2-8E18-76B2-C328-B44A1C3D0232}.Debug|Any CPU.Build.0 = Debug|Any CPU
		{52FE80F2-8E18-76B2-C328-B44A1C3D0232}.Release|Any CPU.ActiveCfg = Release|Any CPU
		{52FE80F2-8E18-76B2-C328-B44A1C3D0232}.Release|Any CPU.Build.0 = Release|Any CPU
		{267110C8-5BA2-93F4-200B-EBCD7B0BD1A0}.Debug|Any CPU.ActiveCfg = Debug|Any CPU
		{267110C8-5BA2-93F4-200B-EBCD7B0BD1A0}.Debug|Any CPU.Build.0 = Debug|Any CPU
		{267110C8-5BA2-93F4-200B-EBCD7B0BD1A0}.Release|Any CPU.ActiveCfg = Release|Any CPU
		{267110C8-5BA2-93F4-200B-EBCD7B0BD1A0}.Release|Any CPU.Build.0 = Release|Any CPU
		{C2BCE047-B951-E89C-AC31-5B82C8E7A33C}.Debug|Any CPU.ActiveCfg = Debug|Any CPU
		{C2BCE047-B951-E89C-AC31-5B82C8E7A33C}.Debug|Any CPU.Build.0 = Debug|Any CPU
		{C2BCE047-B951-E89C-AC31-5B82C8E7A33C}.Release|Any CPU.ActiveCfg = Release|Any CPU
		{C2BCE047-B951-E89C-AC31-5B82C8E7A33C}.Release|Any CPU.Build.0 = Release|Any CPU
	EndGlobalSection
	GlobalSection(SolutionProperties) = preSolution
		HideSolutionNode = FALSE
	EndGlobalSection
	GlobalSection(MonoDevelopProperties) = preSolution
		StartupItem = Assembly-CSharp.csproj
	EndGlobalSection
EndGlobal
